
Microsoft Visual Studio Solution File, Format Version 12.00
# Visual Studio 15
VisualStudioVersion = 15.0.27428.2002
MinimumVisualStudioVersion = 10.0.40219.1
Project("{FAE04EC0-301F-11D3-BF4B-00C04F79EFBC}") = "TodoList.AspNetWebAPI", "TodoList.AspNetWebAPI.JQuery\TodoList.AspNetWebAPI.csproj", "{6D8B3152-9D62-404F-9CD5-9604AC430CDC}"
EndProject
Project("{FAE04EC0-301F-11D3-BF4B-00C04F79EFBC}") = "DataAccess", "DataAccess\DataAccess.csproj", "{AFE5BD50-078C-420C-83B3-8FD39F828643}"
EndProject
Project("{FAE04EC0-301F-11D3-BF4B-00C04F79EFBC}") = "Services", "Services\Services.csproj", "{4EF423B1-95B2-4BC9-B7F6-5A2C185A0FD9}"
EndProject
Global
	GlobalSection(SolutionConfigurationPlatforms) = preSolution
		Debug|Any CPU = Debug|Any CPU
		Release|Any CPU = Release|Any CPU
	EndGlobalSection
	GlobalSection(ProjectConfigurationPlatforms) = postSolution
		{6D8B3152-9D62-404F-9CD5-9604AC430CDC}.Debug|Any CPU.ActiveCfg = Debug|Any CPU
		{6D8B3152-9D62-404F-9CD5-9604AC430CDC}.Debug|Any CPU.Build.0 = Debug|Any CPU
		{6D8B3152-9D62-404F-9CD5-9604AC430CDC}.Release|Any CPU.ActiveCfg = Release|Any CPU
		{6D8B3152-9D62-404F-9CD5-9604AC430CDC}.Release|Any CPU.Build.0 = Release|Any CPU
		{AFE5BD50-078C-420C-83B3-8FD39F828643}.Debug|Any CPU.ActiveCfg = Debug|Any CPU
		{AFE5BD50-078C-420C-83B3-8FD39F828643}.Debug|Any CPU.Build.0 = Debug|Any CPU
		{AFE5BD50-078C-420C-83B3-8FD39F828643}.Release|Any CPU.ActiveCfg = Release|Any CPU
		{AFE5BD50-078C-420C-83B3-8FD39F828643}.Release|Any CPU.Build.0 = Release|Any CPU
		{4EF423B1-95B2-4BC9-B7F6-5A2C185A0FD9}.Debug|Any CPU.ActiveCfg = Debug|Any CPU
		{4EF423B1-95B2-4BC9-B7F6-5A2C185A0FD9}.Debug|Any CPU.Build.0 = Debug|Any CPU
		{4EF423B1-95B2-4BC9-B7F6-5A2C185A0FD9}.Release|Any CPU.ActiveCfg = Release|Any CPU
		{4EF423B1-95B2-4BC9-B7F6-5A2C185A0FD9}.Release|Any CPU.Build.0 = Release|Any CPU
	EndGlobalSection
	GlobalSection(SolutionProperties) = preSolution
		HideSolutionNode = FALSE
	EndGlobalSection
	GlobalSection(ExtensibilityGlobals) = postSolution
		SolutionGuid = {B5D31E59-46D9-4E6A-AB11-0AD3CCEB5E87}
	EndGlobalSection
EndGlobal
